// !$*UTF8*$!
{
	archiveVersion = 1;
	classes = {
	};
	objectVersion = 56;
	objects = {

/* Begin PBXBuildFile section */
		4A082E8D2C326E3800E51432 /* SpotifyPlaylistView.swift in Sources */ = {isa = PBXBuildFile; fileRef = 4A082E8C2C326E3800E51432 /* SpotifyPlaylistView.swift */; };
		4A082E8F2C326ED100E51432 /* PlaylistHeaderCell.swift in Sources */ = {isa = PBXBuildFile; fileRef = 4A082E8E2C326ED100E51432 /* PlaylistHeaderCell.swift */; };
		4A082E912C32755800E51432 /* PlaylistDescriptionCell.swift in Sources */ = {isa = PBXBuildFile; fileRef = 4A082E902C32755800E51432 /* PlaylistDescriptionCell.swift */; };
		4A082E932C3283A000E51432 /* SongRowCell.swift in Sources */ = {isa = PBXBuildFile; fileRef = 4A082E922C3283A000E51432 /* SongRowCell.swift */; };
		4A6107E92C2E904C006325C1 /* SpotifyPracticeApp.swift in Sources */ = {isa = PBXBuildFile; fileRef = 4A6107E82C2E904C006325C1 /* SpotifyPracticeApp.swift */; };
		4A6107EB2C2E904C006325C1 /* ContentView.swift in Sources */ = {isa = PBXBuildFile; fileRef = 4A6107EA2C2E904C006325C1 /* ContentView.swift */; };
		4A6107ED2C2E904D006325C1 /* Assets.xcassets in Resources */ = {isa = PBXBuildFile; fileRef = 4A6107EC2C2E904D006325C1 /* Assets.xcassets */; };
		4A6107F02C2E904D006325C1 /* Preview Assets.xcassets in Resources */ = {isa = PBXBuildFile; fileRef = 4A6107EF2C2E904D006325C1 /* Preview Assets.xcassets */; };
		4A6107F82C2E9106006325C1 /* SDWebImageSwiftUI in Frameworks */ = {isa = PBXBuildFile; productRef = 4A6107F72C2E9106006325C1 /* SDWebImageSwiftUI */; };
		4A6107FB2C2E9146006325C1 /* ImageLoaderView.swift in Sources */ = {isa = PBXBuildFile; fileRef = 4A6107FA2C2E9146006325C1 /* ImageLoaderView.swift */; };
		4A6107FD2C2E9200006325C1 /* Constants.swift in Sources */ = {isa = PBXBuildFile; fileRef = 4A6107FC2C2E9200006325C1 /* Constants.swift */; };
		4A6107FF2C2E9468006325C1 /* DatabaseHelper.swift in Sources */ = {isa = PBXBuildFile; fileRef = 4A6107FE2C2E9468006325C1 /* DatabaseHelper.swift */; };
		4A6108012C2E984E006325C1 /* Product.swift in Sources */ = {isa = PBXBuildFile; fileRef = 4A6108002C2E984E006325C1 /* Product.swift */; };
		4A6108032C2E985B006325C1 /* User.swift in Sources */ = {isa = PBXBuildFile; fileRef = 4A6108022C2E985B006325C1 /* User.swift */; };
		4A6108062C2E9D97006325C1 /* SwiftfulUI in Frameworks */ = {isa = PBXBuildFile; productRef = 4A6108052C2E9D97006325C1 /* SwiftfulUI */; };
		4A6108092C2E9DB1006325C1 /* SwiftfulRouting in Frameworks */ = {isa = PBXBuildFile; productRef = 4A6108082C2E9DB1006325C1 /* SwiftfulRouting */; };
		4A61080E2C2EAF3E006325C1 /* SpotifyHomeView.swift in Sources */ = {isa = PBXBuildFile; fileRef = 4A61080D2C2EAF3E006325C1 /* SpotifyHomeView.swift */; };
		4A6108102C2EB21D006325C1 /* SpotifyCategoryCell.swift in Sources */ = {isa = PBXBuildFile; fileRef = 4A61080F2C2EB21D006325C1 /* SpotifyCategoryCell.swift */; };
		4A6108132C2EB446006325C1 /* Category.swift in Sources */ = {isa = PBXBuildFile; fileRef = 4A6108122C2EB446006325C1 /* Category.swift */; };
		4A6108152C2EBFAD006325C1 /* SpotifyRecentCells.swift in Sources */ = {isa = PBXBuildFile; fileRef = 4A6108142C2EBFAD006325C1 /* SpotifyRecentCells.swift */; };
		4A6108172C2EC691006325C1 /* SpotifyNewReleaseCell.swift in Sources */ = {isa = PBXBuildFile; fileRef = 4A6108162C2EC691006325C1 /* SpotifyNewReleaseCell.swift */; };
		4A6108192C2EE2F4006325C1 /* ImageTitleRowCell.swift in Sources */ = {isa = PBXBuildFile; fileRef = 4A6108182C2EE2F4006325C1 /* ImageTitleRowCell.swift */; };
/* End PBXBuildFile section */

/* Begin PBXFileReference section */
		4A082E8C2C326E3800E51432 /* SpotifyPlaylistView.swift */ = {isa = PBXFileReference; lastKnownFileType = sourcecode.swift; path = SpotifyPlaylistView.swift; sourceTree = "<group>"; };
		4A082E8E2C326ED100E51432 /* PlaylistHeaderCell.swift */ = {isa = PBXFileReference; lastKnownFileType = sourcecode.swift; path = PlaylistHeaderCell.swift; sourceTree = "<group>"; };
		4A082E902C32755800E51432 /* PlaylistDescriptionCell.swift */ = {isa = PBXFileReference; lastKnownFileType = sourcecode.swift; path = PlaylistDescriptionCell.swift; sourceTree = "<group>"; };
		4A082E922C3283A000E51432 /* SongRowCell.swift */ = {isa = PBXFileReference; lastKnownFileType = sourcecode.swift; path = SongRowCell.swift; sourceTree = "<group>"; };
		4A6107E52C2E904C006325C1 /* SpotifyPractice.app */ = {isa = PBXFileReference; explicitFileType = wrapper.application; includeInIndex = 0; path = SpotifyPractice.app; sourceTree = BUILT_PRODUCTS_DIR; };
		4A6107E82C2E904C006325C1 /* SpotifyPracticeApp.swift */ = {isa = PBXFileReference; lastKnownFileType = sourcecode.swift; path = SpotifyPracticeApp.swift; sourceTree = "<group>"; };
		4A6107EA2C2E904C006325C1 /* ContentView.swift */ = {isa = PBXFileReference; lastKnownFileType = sourcecode.swift; path = ContentView.swift; sourceTree = "<group>"; };
		4A6107EC2C2E904D006325C1 /* Assets.xcassets */ = {isa = PBXFileReference; lastKnownFileType = folder.assetcatalog; path = Assets.xcassets; sourceTree = "<group>"; };
		4A6107EF2C2E904D006325C1 /* Preview Assets.xcassets */ = {isa = PBXFileReference; lastKnownFileType = folder.assetcatalog; path = "Preview Assets.xcassets"; sourceTree = "<group>"; };
		4A6107FA2C2E9146006325C1 /* ImageLoaderView.swift */ = {isa = PBXFileReference; lastKnownFileType = sourcecode.swift; path = ImageLoaderView.swift; sourceTree = "<group>"; };
		4A6107FC2C2E9200006325C1 /* Constants.swift */ = {isa = PBXFileReference; lastKnownFileType = sourcecode.swift; path = Constants.swift; sourceTree = "<group>"; };
		4A6107FE2C2E9468006325C1 /* DatabaseHelper.swift */ = {isa = PBXFileReference; lastKnownFileType = sourcecode.swift; path = DatabaseHelper.swift; sourceTree = "<group>"; };
		4A6108002C2E984E006325C1 /* Product.swift */ = {isa = PBXFileReference; lastKnownFileType = sourcecode.swift; path = Product.swift; sourceTree = "<group>"; };
		4A6108022C2E985B006325C1 /* User.swift */ = {isa = PBXFileReference; lastKnownFileType = sourcecode.swift; path = User.swift; sourceTree = "<group>"; };
		4A61080D2C2EAF3E006325C1 /* SpotifyHomeView.swift */ = {isa = PBXFileReference; lastKnownFileType = sourcecode.swift; path = SpotifyHomeView.swift; sourceTree = "<group>"; };
		4A61080F2C2EB21D006325C1 /* SpotifyCategoryCell.swift */ = {isa = PBXFileReference; lastKnownFileType = sourcecode.swift; path = SpotifyCategoryCell.swift; sourceTree = "<group>"; };
		4A6108122C2EB446006325C1 /* Category.swift */ = {isa = PBXFileReference; lastKnownFileType = sourcecode.swift; path = Category.swift; sourceTree = "<group>"; };
		4A6108142C2EBFAD006325C1 /* SpotifyRecentCells.swift */ = {isa = PBXFileReference; lastKnownFileType = sourcecode.swift; path = SpotifyRecentCells.swift; sourceTree = "<group>"; };
		4A6108162C2EC691006325C1 /* SpotifyNewReleaseCell.swift */ = {isa = PBXFileReference; lastKnownFileType = sourcecode.swift; path = SpotifyNewReleaseCell.swift; sourceTree = "<group>"; };
		4A6108182C2EE2F4006325C1 /* ImageTitleRowCell.swift */ = {isa = PBXFileReference; lastKnownFileType = sourcecode.swift; path = ImageTitleRowCell.swift; sourceTree = "<group>"; };
/* End PBXFileReference section */

/* Begin PBXFrameworksBuildPhase section */
		4A6107E22C2E904C006325C1 /* Frameworks */ = {
			isa = PBXFrameworksBuildPhase;
			buildActionMask = 2147483647;
			files = (
				4A6108062C2E9D97006325C1 /* SwiftfulUI in Frameworks */,
				4A6108092C2E9DB1006325C1 /* SwiftfulRouting in Frameworks */,
				4A6107F82C2E9106006325C1 /* SDWebImageSwiftUI in Frameworks */,
			);
			runOnlyForDeploymentPostprocessing = 0;
		};
/* End PBXFrameworksBuildPhase section */

/* Begin PBXGroup section */
		4A6107DC2C2E904C006325C1 = {
			isa = PBXGroup;
			children = (
				4A6107E72C2E904C006325C1 /* SpotifyPractice */,
				4A6107E62C2E904C006325C1 /* Products */,
			);
			sourceTree = "<group>";
		};
		4A6107E62C2E904C006325C1 /* Products */ = {
			isa = PBXGroup;
			children = (
				4A6107E52C2E904C006325C1 /* SpotifyPractice.app */,
			);
			name = Products;
			sourceTree = "<group>";
		};
		4A6107E72C2E904C006325C1 /* SpotifyPractice */ = {
			isa = PBXGroup;
			children = (
				4A61080A2C2EAED0006325C1 /* Spotify */,
				4A6107F92C2E912B006325C1 /* Shared */,
				4A6107E82C2E904C006325C1 /* SpotifyPracticeApp.swift */,
				4A6107EA2C2E904C006325C1 /* ContentView.swift */,
				4A6107EC2C2E904D006325C1 /* Assets.xcassets */,
				4A6107EE2C2E904D006325C1 /* Preview Content */,
			);
			path = SpotifyPractice;
			sourceTree = "<group>";
		};
		4A6107EE2C2E904D006325C1 /* Preview Content */ = {
			isa = PBXGroup;
			children = (
				4A6107EF2C2E904D006325C1 /* Preview Assets.xcassets */,
			);
			path = "Preview Content";
			sourceTree = "<group>";
		};
		4A6107F92C2E912B006325C1 /* Shared */ = {
			isa = PBXGroup;
			children = (
				4A6107FA2C2E9146006325C1 /* ImageLoaderView.swift */,
				4A6107FC2C2E9200006325C1 /* Constants.swift */,
				4A6107FE2C2E9468006325C1 /* DatabaseHelper.swift */,
				4A6108002C2E984E006325C1 /* Product.swift */,
				4A6108022C2E985B006325C1 /* User.swift */,
			);
			path = Shared;
			sourceTree = "<group>";
		};
		4A61080A2C2EAED0006325C1 /* Spotify */ = {
			isa = PBXGroup;
			children = (
				4A6108112C2EB42C006325C1 /* Models */,
				4A61080C2C2EAF08006325C1 /* Components */,
				4A61080B2C2EAEE8006325C1 /* Core */,
			);
			path = Spotify;
			sourceTree = "<group>";
		};
		4A61080B2C2EAEE8006325C1 /* Core */ = {
			isa = PBXGroup;
			children = (
				4A61080D2C2EAF3E006325C1 /* SpotifyHomeView.swift */,
				4A082E8C2C326E3800E51432 /* SpotifyPlaylistView.swift */,
			);
			path = Core;
			sourceTree = "<group>";
		};
		4A61080C2C2EAF08006325C1 /* Components */ = {
			isa = PBXGroup;
			children = (
				4A61080F2C2EB21D006325C1 /* SpotifyCategoryCell.swift */,
				4A6108142C2EBFAD006325C1 /* SpotifyRecentCells.swift */,
				4A6108162C2EC691006325C1 /* SpotifyNewReleaseCell.swift */,
				4A6108182C2EE2F4006325C1 /* ImageTitleRowCell.swift */,
				4A082E8E2C326ED100E51432 /* PlaylistHeaderCell.swift */,
				4A082E902C32755800E51432 /* PlaylistDescriptionCell.swift */,
				4A082E922C3283A000E51432 /* SongRowCell.swift */,
			);
			path = Components;
			sourceTree = "<group>";
		};
		4A6108112C2EB42C006325C1 /* Models */ = {
			isa = PBXGroup;
			children = (
				4A6108122C2EB446006325C1 /* Category.swift */,
			);
			path = Models;
			sourceTree = "<group>";
		};
/* End PBXGroup section */

/* Begin PBXNativeTarget section */
		4A6107E42C2E904C006325C1 /* SpotifyPractice */ = {
			isa = PBXNativeTarget;
			buildConfigurationList = 4A6107F32C2E904D006325C1 /* Build configuration list for PBXNativeTarget "SpotifyPractice" */;
			buildPhases = (
				4A6107E12C2E904C006325C1 /* Sources */,
				4A6107E22C2E904C006325C1 /* Frameworks */,
				4A6107E32C2E904C006325C1 /* Resources */,
			);
			buildRules = (
			);
			dependencies = (
			);
			name = SpotifyPractice;
			packageProductDependencies = (
				4A6107F72C2E9106006325C1 /* SDWebImageSwiftUI */,
				4A6108052C2E9D97006325C1 /* SwiftfulUI */,
				4A6108082C2E9DB1006325C1 /* SwiftfulRouting */,
			);
			productName = SpotifyPractice;
			productReference = 4A6107E52C2E904C006325C1 /* SpotifyPractice.app */;
			productType = "com.apple.product-type.application";
		};
/* End PBXNativeTarget section */

/* Begin PBXProject section */
		4A6107DD2C2E904C006325C1 /* Project object */ = {
			isa = PBXProject;
			attributes = {
				BuildIndependentTargetsInParallel = 1;
				LastSwiftUpdateCheck = 1540;
				LastUpgradeCheck = 1540;
				TargetAttributes = {
					4A6107E42C2E904C006325C1 = {
						CreatedOnToolsVersion = 15.4;
					};
				};
			};
			buildConfigurationList = 4A6107E02C2E904C006325C1 /* Build configuration list for PBXProject "SpotifyPractice" */;
			compatibilityVersion = "Xcode 14.0";
			developmentRegion = en;
			hasScannedForEncodings = 0;
			knownRegions = (
				en,
				Base,
			);
			mainGroup = 4A6107DC2C2E904C006325C1;
			packageReferences = (
				4A6107F62C2E9105006325C1 /* XCRemoteSwiftPackageReference "SDWebImageSwiftUI" */,
				4A6108042C2E9D97006325C1 /* XCRemoteSwiftPackageReference "SwiftfulUI" */,
				4A6108072C2E9DB1006325C1 /* XCRemoteSwiftPackageReference "SwiftfulRouting" */,
			);
			productRefGroup = 4A6107E62C2E904C006325C1 /* Products */;
			projectDirPath = "";
			projectRoot = "";
			targets = (
				4A6107E42C2E904C006325C1 /* SpotifyPractice */,
			);
		};
/* End PBXProject section */

/* Begin PBXResourcesBuildPhase section */
		4A6107E32C2E904C006325C1 /* Resources */ = {
			isa = PBXResourcesBuildPhase;
			buildActionMask = 2147483647;
			files = (
				4A6107F02C2E904D006325C1 /* Preview Assets.xcassets in Resources */,
				4A6107ED2C2E904D006325C1 /* Assets.xcassets in Resources */,
			);
			runOnlyForDeploymentPostprocessing = 0;
		};
/* End PBXResourcesBuildPhase section */

/* Begin PBXSourcesBuildPhase section */
		4A6107E12C2E904C006325C1 /* Sources */ = {
			isa = PBXSourcesBuildPhase;
			buildActionMask = 2147483647;
			files = (
				4A6107FB2C2E9146006325C1 /* ImageLoaderView.swift in Sources */,
				4A6108132C2EB446006325C1 /* Category.swift in Sources */,
				4A6108102C2EB21D006325C1 /* SpotifyCategoryCell.swift in Sources */,
				4A6108172C2EC691006325C1 /* SpotifyNewReleaseCell.swift in Sources */,
				4A082E8F2C326ED100E51432 /* PlaylistHeaderCell.swift in Sources */,
				4A6107FF2C2E9468006325C1 /* DatabaseHelper.swift in Sources */,
				4A61080E2C2EAF3E006325C1 /* SpotifyHomeView.swift in Sources */,
				4A6108192C2EE2F4006325C1 /* ImageTitleRowCell.swift in Sources */,
				4A082E8D2C326E3800E51432 /* SpotifyPlaylistView.swift in Sources */,
				4A6107EB2C2E904C006325C1 /* ContentView.swift in Sources */,
				4A6107E92C2E904C006325C1 /* SpotifyPracticeApp.swift in Sources */,
				4A6107FD2C2E9200006325C1 /* Constants.swift in Sources */,
				4A6108012C2E984E006325C1 /* Product.swift in Sources */,
				4A6108032C2E985B006325C1 /* User.swift in Sources */,
				4A082E932C3283A000E51432 /* SongRowCell.swift in Sources */,
				4A082E912C32755800E51432 /* PlaylistDescriptionCell.swift in Sources */,
				4A6108152C2EBFAD006325C1 /* SpotifyRecentCells.swift in Sources */,
			);
			runOnlyForDeploymentPostprocessing = 0;
		};
/* End PBXSourcesBuildPhase section */

/* Begin XCBuildConfiguration section */
		4A6107F12C2E904D006325C1 /* Debug */ = {
			isa = XCBuildConfiguration;
			buildSettings = {
				ALWAYS_SEARCH_USER_PATHS = NO;
				ASSETCATALOG_COMPILER_GENERATE_SWIFT_ASSET_SYMBOL_EXTENSIONS = YES;
				CLANG_ANALYZER_NONNULL = YES;
				CLANG_ANALYZER_NUMBER_OBJECT_CONVERSION = YES_AGGRESSIVE;
				CLANG_CXX_LANGUAGE_STANDARD = "gnu++20";
				CLANG_ENABLE_MODULES = YES;
				CLANG_ENABLE_OBJC_ARC = YES;
				CLANG_ENABLE_OBJC_WEAK = YES;
				CLANG_WARN_BLOCK_CAPTURE_AUTORELEASING = YES;
				CLANG_WARN_BOOL_CONVERSION = YES;
				CLANG_WARN_COMMA = YES;
				CLANG_WARN_CONSTANT_CONVERSION = YES;
				CLANG_WARN_DEPRECATED_OBJC_IMPLEMENTATIONS = YES;
				CLANG_WARN_DIRECT_OBJC_ISA_USAGE = YES_ERROR;
				CLANG_WARN_DOCUMENTATION_COMMENTS = YES;
				CLANG_WARN_EMPTY_BODY = YES;
				CLANG_WARN_ENUM_CONVERSION = YES;
				CLANG_WARN_INFINITE_RECURSION = YES;
				CLANG_WARN_INT_CONVERSION = YES;
				CLANG_WARN_NON_LITERAL_NULL_CONVERSION = YES;
				CLANG_WARN_OBJC_IMPLICIT_RETAIN_SELF = YES;
				CLANG_WARN_OBJC_LITERAL_CONVERSION = YES;
				CLANG_WARN_OBJC_ROOT_CLASS = YES_ERROR;
				CLANG_WARN_QUOTED_INCLUDE_IN_FRAMEWORK_HEADER = YES;
				CLANG_WARN_RANGE_LOOP_ANALYSIS = YES;
				CLANG_WARN_STRICT_PROTOTYPES = YES;
				CLANG_WARN_SUSPICIOUS_MOVE = YES;
				CLANG_WARN_UNGUARDED_AVAILABILITY = YES_AGGRESSIVE;
				CLANG_WARN_UNREACHABLE_CODE = YES;
				CLANG_WARN__DUPLICATE_METHOD_MATCH = YES;
				COPY_PHASE_STRIP = NO;
				DEBUG_INFORMATION_FORMAT = dwarf;
				ENABLE_STRICT_OBJC_MSGSEND = YES;
				ENABLE_TESTABILITY = YES;
				ENABLE_USER_SCRIPT_SANDBOXING = YES;
				GCC_C_LANGUAGE_STANDARD = gnu17;
				GCC_DYNAMIC_NO_PIC = NO;
				GCC_NO_COMMON_BLOCKS = YES;
				GCC_OPTIMIZATION_LEVEL = 0;
				GCC_PREPROCESSOR_DEFINITIONS = (
					"DEBUG=1",
					"$(inherited)",
				);
				GCC_WARN_64_TO_32_BIT_CONVERSION = YES;
				GCC_WARN_ABOUT_RETURN_TYPE = YES_ERROR;
				GCC_WARN_UNDECLARED_SELECTOR = YES;
				GCC_WARN_UNINITIALIZED_AUTOS = YES_AGGRESSIVE;
				GCC_WARN_UNUSED_FUNCTION = YES;
				GCC_WARN_UNUSED_VARIABLE = YES;
				IPHONEOS_DEPLOYMENT_TARGET = 17.5;
				LOCALIZATION_PREFERS_STRING_CATALOGS = YES;
				MTL_ENABLE_DEBUG_INFO = INCLUDE_SOURCE;
				MTL_FAST_MATH = YES;
				ONLY_ACTIVE_ARCH = YES;
				PRODUCT_MODULE_NAME = SpotifyPractice;
				SDKROOT = iphoneos;
				SWIFT_ACTIVE_COMPILATION_CONDITIONS = "DEBUG $(inherited)";
				SWIFT_OPTIMIZATION_LEVEL = "-Onone";
			};
			name = Debug;
		};
		4A6107F22C2E904D006325C1 /* Release */ = {
			isa = XCBuildConfiguration;
			buildSettings = {
				ALWAYS_SEARCH_USER_PATHS = NO;
				ASSETCATALOG_COMPILER_GENERATE_SWIFT_ASSET_SYMBOL_EXTENSIONS = YES;
				CLANG_ANALYZER_NONNULL = YES;
				CLANG_ANALYZER_NUMBER_OBJECT_CONVERSION = YES_AGGRESSIVE;
				CLANG_CXX_LANGUAGE_STANDARD = "gnu++20";
				CLANG_ENABLE_MODULES = YES;
				CLANG_ENABLE_OBJC_ARC = YES;
				CLANG_ENABLE_OBJC_WEAK = YES;
				CLANG_WARN_BLOCK_CAPTURE_AUTORELEASING = YES;
				CLANG_WARN_BOOL_CONVERSION = YES;
				CLANG_WARN_COMMA = YES;
				CLANG_WARN_CONSTANT_CONVERSION = YES;
				CLANG_WARN_DEPRECATED_OBJC_IMPLEMENTATIONS = YES;
				CLANG_WARN_DIRECT_OBJC_ISA_USAGE = YES_ERROR;
				CLANG_WARN_DOCUMENTATION_COMMENTS = YES;
				CLANG_WARN_EMPTY_BODY = YES;
				CLANG_WARN_ENUM_CONVERSION = YES;
				CLANG_WARN_INFINITE_RECURSION = YES;
				CLANG_WARN_INT_CONVERSION = YES;
				CLANG_WARN_NON_LITERAL_NULL_CONVERSION = YES;
				CLANG_WARN_OBJC_IMPLICIT_RETAIN_SELF = YES;
				CLANG_WARN_OBJC_LITERAL_CONVERSION = YES;
				CLANG_WARN_OBJC_ROOT_CLASS = YES_ERROR;
				CLANG_WARN_QUOTED_INCLUDE_IN_FRAMEWORK_HEADER = YES;
				CLANG_WARN_RANGE_LOOP_ANALYSIS = YES;
				CLANG_WARN_STRICT_PROTOTYPES = YES;
				CLANG_WARN_SUSPICIOUS_MOVE = YES;
				CLANG_WARN_UNGUARDED_AVAILABILITY = YES_AGGRESSIVE;
				CLANG_WARN_UNREACHABLE_CODE = YES;
				CLANG_WARN__DUPLICATE_METHOD_MATCH = YES;
				COPY_PHASE_STRIP = NO;
				DEBUG_INFORMATION_FORMAT = "dwarf-with-dsym";
				ENABLE_NS_ASSERTIONS = NO;
				ENABLE_STRICT_OBJC_MSGSEND = YES;
				ENABLE_USER_SCRIPT_SANDBOXING = YES;
				GCC_C_LANGUAGE_STANDARD = gnu17;
				GCC_NO_COMMON_BLOCKS = YES;
				GCC_WARN_64_TO_32_BIT_CONVERSION = YES;
				GCC_WARN_ABOUT_RETURN_TYPE = YES_ERROR;
				GCC_WARN_UNDECLARED_SELECTOR = YES;
				GCC_WARN_UNINITIALIZED_AUTOS = YES_AGGRESSIVE;
				GCC_WARN_UNUSED_FUNCTION = YES;
				GCC_WARN_UNUSED_VARIABLE = YES;
				IPHONEOS_DEPLOYMENT_TARGET = 17.5;
				LOCALIZATION_PREFERS_STRING_CATALOGS = YES;
				MTL_ENABLE_DEBUG_INFO = NO;
				MTL_FAST_MATH = YES;
				PRODUCT_MODULE_NAME = SpotifyPractice;
				SDKROOT = iphoneos;
				SWIFT_COMPILATION_MODE = wholemodule;
				VALIDATE_PRODUCT = YES;
			};
			name = Release;
		};
		4A6107F42C2E904D006325C1 /* Debug */ = {
			isa = XCBuildConfiguration;
			buildSettings = {
				ASSETCATALOG_COMPILER_APPICON_NAME = AppIcon;
				ASSETCATALOG_COMPILER_GLOBAL_ACCENT_COLOR_NAME = AccentColor;
				CODE_SIGN_STYLE = Automatic;
				CURRENT_PROJECT_VERSION = 1;
				DEVELOPMENT_ASSET_PATHS = "\"SpotifyPractice/Preview Content\"";
				ENABLE_PREVIEWS = YES;
				GENERATE_INFOPLIST_FILE = YES;
				INFOPLIST_KEY_UIApplicationSceneManifest_Generation = YES;
				INFOPLIST_KEY_UIApplicationSupportsIndirectInputEvents = YES;
				INFOPLIST_KEY_UILaunchScreen_Generation = YES;
				INFOPLIST_KEY_UISupportedInterfaceOrientations_iPad = "UIInterfaceOrientationPortrait UIInterfaceOrientationPortraitUpsideDown UIInterfaceOrientationLandscapeLeft UIInterfaceOrientationLandscapeRight";
				INFOPLIST_KEY_UISupportedInterfaceOrientations_iPhone = "UIInterfaceOrientationPortrait UIInterfaceOrientationLandscapeLeft UIInterfaceOrientationLandscapeRight";
				LD_RUNPATH_SEARCH_PATHS = (
					"$(inherited)",
					"@executable_path/Frameworks",
				);
				MARKETING_VERSION = 1.0;
				PRODUCT_BUNDLE_IDENTIFIER = com.incture.SpotifyPractice;
				PRODUCT_NAME = "$(TARGET_NAME)";
				SWIFT_EMIT_LOC_STRINGS = YES;
				SWIFT_VERSION = 5.0;
				TARGETED_DEVICE_FAMILY = "1,2";
			};
			name = Debug;
		};
		4A6107F52C2E904D006325C1 /* Release */ = {
			isa = XCBuildConfiguration;
			buildSettings = {
				ASSETCATALOG_COMPILER_APPICON_NAME = AppIcon;
				ASSETCATALOG_COMPILER_GLOBAL_ACCENT_COLOR_NAME = AccentColor;
				CODE_SIGN_STYLE = Automatic;
				CURRENT_PROJECT_VERSION = 1;
				DEVELOPMENT_ASSET_PATHS = "\"SpotifyPractice/Preview Content\"";
				ENABLE_PREVIEWS = YES;
				GENERATE_INFOPLIST_FILE = YES;
				INFOPLIST_KEY_UIApplicationSceneManifest_Generation = YES;
				INFOPLIST_KEY_UIApplicationSupportsIndirectInputEvents = YES;
				INFOPLIST_KEY_UILaunchScreen_Generation = YES;
				INFOPLIST_KEY_UISupportedInterfaceOrientations_iPad = "UIInterfaceOrientationPortrait UIInterfaceOrientationPortraitUpsideDown UIInterfaceOrientationLandscapeLeft UIInterfaceOrientationLandscapeRight";
				INFOPLIST_KEY_UISupportedInterfaceOrientations_iPhone = "UIInterfaceOrientationPortrait UIInterfaceOrientationLandscapeLeft UIInterfaceOrientationLandscapeRight";
				LD_RUNPATH_SEARCH_PATHS = (
					"$(inherited)",
					"@executable_path/Frameworks",
				);
				MARKETING_VERSION = 1.0;
				PRODUCT_BUNDLE_IDENTIFIER = com.incture.SpotifyPractice;
				PRODUCT_NAME = "$(TARGET_NAME)";
				SWIFT_EMIT_LOC_STRINGS = YES;
				SWIFT_VERSION = 5.0;
				TARGETED_DEVICE_FAMILY = "1,2";
			};
			name = Release;
		};
/* End XCBuildConfiguration section */

/* Begin XCConfigurationList section */
		4A6107E02C2E904C006325C1 /* Build configuration list for PBXProject "SpotifyPractice" */ = {
			isa = XCConfigurationList;
			buildConfigurations = (
				4A6107F12C2E904D006325C1 /* Debug */,
				4A6107F22C2E904D006325C1 /* Release */,
			);
			defaultConfigurationIsVisible = 0;
			defaultConfigurationName = Release;
		};
		4A6107F32C2E904D006325C1 /* Build configuration list for PBXNativeTarget "SpotifyPractice" */ = {
			isa = XCConfigurationList;
			buildConfigurations = (
				4A6107F42C2E904D006325C1 /* Debug */,
				4A6107F52C2E904D006325C1 /* Release */,
			);
			defaultConfigurationIsVisible = 0;
			defaultConfigurationName = Release;
		};
/* End XCConfigurationList section */

/* Begin XCRemoteSwiftPackageReference section */
		4A6107F62C2E9105006325C1 /* XCRemoteSwiftPackageReference "SDWebImageSwiftUI" */ = {
			isa = XCRemoteSwiftPackageReference;
			repositoryURL = "https://github.com/SDWebImage/SDWebImageSwiftUI.git";
			requirement = {
				kind = upToNextMajorVersion;
				minimumVersion = 3.1.0;
			};
		};
		4A6108042C2E9D97006325C1 /* XCRemoteSwiftPackageReference "SwiftfulUI" */ = {
			isa = XCRemoteSwiftPackageReference;
			repositoryURL = "https://github.com/SwiftfulThinking/SwiftfulUI.git";
			requirement = {
				kind = upToNextMajorVersion;
				minimumVersion = 1.2.0;
			};
		};
		4A6108072C2E9DB1006325C1 /* XCRemoteSwiftPackageReference "SwiftfulRouting" */ = {
			isa = XCRemoteSwiftPackageReference;
			repositoryURL = "https://github.com/SwiftfulThinking/SwiftfulRouting.git";
			requirement = {
				kind = upToNextMajorVersion;
				minimumVersion = 5.3.5;
			};
		};
/* End XCRemoteSwiftPackageReference section */

/* Begin XCSwiftPackageProductDependency section */
		4A6107F72C2E9106006325C1 /* SDWebImageSwiftUI */ = {
			isa = XCSwiftPackageProductDependency;
			package = 4A6107F62C2E9105006325C1 /* XCRemoteSwiftPackageReference "SDWebImageSwiftUI" */;
			productName = SDWebImageSwiftUI;
		};
		4A6108052C2E9D97006325C1 /* SwiftfulUI */ = {
			isa = XCSwiftPackageProductDependency;
			package = 4A6108042C2E9D97006325C1 /* XCRemoteSwiftPackageReference "SwiftfulUI" */;
			productName = SwiftfulUI;
		};
		4A6108082C2E9DB1006325C1 /* SwiftfulRouting */ = {
			isa = XCSwiftPackageProductDependency;
			package = 4A6108072C2E9DB1006325C1 /* XCRemoteSwiftPackageReference "SwiftfulRouting" */;
			productName = SwiftfulRouting;
		};
/* End XCSwiftPackageProductDependency section */
	};
	rootObject = 4A6107DD2C2E904C006325C1 /* Project object */;
}
